Microsoft Visual Studio Solution File, Format Version 11.00
# Visual Studio 2008

Project("{A1D0C6E8-3F02-7327-D846-1063F4AC58A6}") = "42", "Assembly-CSharp-vs.csproj", "{B8B9D9EE-1F92-C5B0-0852-451C90881CD9}"
EndProject
Project("{A1D0C6E8-3F02-7327-D846-1063F4AC58A6}") = "42", "Assembly-CSharp-Editor-vs.csproj", "{89E1D35F-5B59-D963-2CBD-0F908440111D}"
EndProject
Global
	GlobalSection(SolutionConfigurationPlatforms) = preSolution
		Debug|Any CPU = Debug|Any CPU
		Release|Any CPU = Release|Any CPU
	EndGlobalSection
	GlobalSection(ProjectConfigurationPlatforms) = postSolution
		{B8B9D9EE-1F92-C5B0-0852-451C90881CD9}.Debug|Any CPU.ActiveCfg = Debug|Any CPU
		{B8B9D9EE-1F92-C5B0-0852-451C90881CD9}.Debug|Any CPU.Build.0 = Debug|Any CPU
		{B8B9D9EE-1F92-C5B0-0852-451C90881CD9}.Release|Any CPU.ActiveCfg = Release|Any CPU
		{B8B9D9EE-1F92-C5B0-0852-451C90881CD9}.Release|Any CPU.Build.0 = Release|Any CPU
		{89E1D35F-5B59-D963-2CBD-0F908440111D}.Debug|Any CPU.ActiveCfg = Debug|Any CPU
		{89E1D35F-5B59-D963-2CBD-0F908440111D}.Debug|Any CPU.Build.0 = Debug|Any CPU
		{89E1D35F-5B59-D963-2CBD-0F908440111D}.Release|Any CPU.ActiveCfg = Release|Any CPU
		{89E1D35F-5B59-D963-2CBD-0F908440111D}.Release|Any CPU.Build.0 = Release|Any CPU
	EndGlobalSection
	GlobalSection(SolutionProperties) = preSolution
		HideSolutionNode = FALSE
	EndGlobalSection
																																																																																																																																																																									GlobalSection(MonoDevelopProperties) = preSolution
		StartupItem = Assembly-CSharp.csproj
		Policies = $0
		$0.TextStylePolicy = $1
		$1.inheritsSet = null
		$1.scope = text/x-csharp
		$0.CSharpFormattingPolicy = $2
		$2.inheritsSet = Mono
		$2.inheritsScope = text/x-csharp
		$2.scope = text/x-csharp
		$0.TextStylePolicy = $3
		$3.FileWidth = 120
		$3.TabWidth = 4
		$3.EolMarker = Unix
		$3.inheritsSet = Mono
		$3.inheritsScope = text/plain
		$3.scope = text/plain
	EndGlobalSection

EndGlobal
